
Microsoft Visual Studio Solution File, Format Version 12.00
# Visual Studio Version 17
VisualStudioVersion = 17.2.32630.192
MinimumVisualStudioVersion = 10.0.40219.1
Project("{FAE04EC0-301F-11D3-BF4B-00C04F79EFBC}") = "Exercicio01", "Exercicios01\Exercicio01.csproj", "{8AB3435B-F9A0-477B-A47E-51831FE48A6E}"
EndProject
Project("{FAE04EC0-301F-11D3-BF4B-00C04F79EFBC}") = "Exercicio02", "Exercicio02\Exercicio02.csproj", "{4A51C3DB-5E1D-4334-913E-3A9C6A452C86}"
EndProject
Global
	GlobalSection(SolutionConfigurationPlatforms) = preSolution
		Debug|Any CPU = Debug|Any CPU
		Release|Any CPU = Release|Any CPU
	EndGlobalSection
	GlobalSection(ProjectConfigurationPlatforms) = postSolution
		{8AB3435B-F9A0-477B-A47E-51831FE48A6E}.Debug|Any CPU.ActiveCfg = Debug|Any CPU
		{8AB3435B-F9A0-477B-A47E-51831FE48A6E}.Debug|Any CPU.Build.0 = Debug|Any CPU
		{8AB3435B-F9A0-477B-A47E-51831FE48A6E}.Release|Any CPU.ActiveCfg = Release|Any CPU
		{8AB3435B-F9A0-477B-A47E-51831FE48A6E}.Release|Any CPU.Build.0 = Release|Any CPU
		{4A51C3DB-5E1D-4334-913E-3A9C6A452C86}.Debug|Any CPU.ActiveCfg = Debug|Any CPU
		{4A51C3DB-5E1D-4334-913E-3A9C6A452C86}.Debug|Any CPU.Build.0 = Debug|Any CPU
		{4A51C3DB-5E1D-4334-913E-3A9C6A452C86}.Release|Any CPU.ActiveCfg = Release|Any CPU
		{4A51C3DB-5E1D-4334-913E-3A9C6A452C86}.Release|Any CPU.Build.0 = Release|Any CPU
	EndGlobalSection
	GlobalSection(SolutionProperties) = preSolution
		HideSolutionNode = FALSE
	EndGlobalSection
	GlobalSection(ExtensibilityGlobals) = postSolution
		SolutionGuid = {D634F628-2B95-4DD6-9D3D-2777FD7658EC}
	EndGlobalSection
EndGlobal
